// !$*UTF8*$!
{
	archiveVersion = 1;
	classes = {
	};
	objectVersion = 50;
	objects = {

/* Begin PBXBuildFile section */
		0E090E4123537D9500B7F63F /* Note.swift in Sources */ = {isa = PBXBuildFile; fileRef = 0E090E4023537D9500B7F63F /* Note.swift */; };
		0E3C874123513BE4006EF565 /* AppDelegate.swift in Sources */ = {isa = PBXBuildFile; fileRef = 0E3C874023513BE4006EF565 /* AppDelegate.swift */; };
		0E3C874623513BE5006EF565 /* Notes.storyboard in Resources */ = {isa = PBXBuildFile; fileRef = 0E3C874423513BE5006EF565 /* Notes.storyboard */; };
		0E3C874823513BE6006EF565 /* Assets.xcassets in Resources */ = {isa = PBXBuildFile; fileRef = 0E3C874723513BE6006EF565 /* Assets.xcassets */; };
		0E3C874B23513BE6006EF565 /* LaunchScreen.storyboard in Resources */ = {isa = PBXBuildFile; fileRef = 0E3C874923513BE6006EF565 /* LaunchScreen.storyboard */; };
		0E3C875623513BE6006EF565 /* AwesomeNotesTests.swift in Sources */ = {isa = PBXBuildFile; fileRef = 0E3C875523513BE6006EF565 /* AwesomeNotesTests.swift */; };
		0E3C876123513BE6006EF565 /* AwesomeNotesUITests.swift in Sources */ = {isa = PBXBuildFile; fileRef = 0E3C876023513BE6006EF565 /* AwesomeNotesUITests.swift */; };
		0E75469023518B1500837B00 /* LoginOrRegisterViewController.swift in Sources */ = {isa = PBXBuildFile; fileRef = 0E75468F23518B1500837B00 /* LoginOrRegisterViewController.swift */; };
		0EA6BEE023514046008B3CB6 /* NoteListViewController.swift in Sources */ = {isa = PBXBuildFile; fileRef = 0EA6BEDF23514046008B3CB6 /* NoteListViewController.swift */; };
		0EA6BEE223514065008B3CB6 /* NoteDetailViewController.swift in Sources */ = {isa = PBXBuildFile; fileRef = 0EA6BEE123514065008B3CB6 /* NoteDetailViewController.swift */; };
		0EA6BEE6235140A5008B3CB6 /* NoteDetailViewModel.swift in Sources */ = {isa = PBXBuildFile; fileRef = 0EA6BEE5235140A5008B3CB6 /* NoteDetailViewModel.swift */; };
		0EA6BEEA2351478F008B3CB6 /* FolderListViewController.swift in Sources */ = {isa = PBXBuildFile; fileRef = 0EA6BEE92351478F008B3CB6 /* FolderListViewController.swift */; };
		0EAC81942352FF8F006434B6 /* FolderTableViewCell.swift in Sources */ = {isa = PBXBuildFile; fileRef = 0EAC81932352FF8F006434B6 /* FolderTableViewCell.swift */; };
		0EAC819623530A4D006434B6 /* FolderViewModel.swift in Sources */ = {isa = PBXBuildFile; fileRef = 0EAC819523530A4D006434B6 /* FolderViewModel.swift */; };
		0EAC819823530A5C006434B6 /* NoteViewModel.swift in Sources */ = {isa = PBXBuildFile; fileRef = 0EAC819723530A5C006434B6 /* NoteViewModel.swift */; };
		0EC696DB23527F23009A44FA /* User.swift in Sources */ = {isa = PBXBuildFile; fileRef = 0EC696DA23527F23009A44FA /* User.swift */; };
		0EC696DD235283E0009A44FA /* Folder.swift in Sources */ = {isa = PBXBuildFile; fileRef = 0EC696DC235283E0009A44FA /* Folder.swift */; };
		0EC696DF2352A3B3009A44FA /* LoginOrRegisterViewModel.swift in Sources */ = {isa = PBXBuildFile; fileRef = 0EC696DE2352A3B3009A44FA /* LoginOrRegisterViewModel.swift */; };
		0EE0B4DB2353135600E67F02 /* NoteTableViewCell.swift in Sources */ = {isa = PBXBuildFile; fileRef = 0EE0B4DA2353135600E67F02 /* NoteTableViewCell.swift */; };
		0EE21BB42363BE4D0065A9EA /* UIViewController+Ext.swift in Sources */ = {isa = PBXBuildFile; fileRef = 0EE21BB32363BE4D0065A9EA /* UIViewController+Ext.swift */; };
		0EEC6AB123540A4C00D4E2EC /* DatabaseService.swift in Sources */ = {isa = PBXBuildFile; fileRef = 0EEC6AB023540A4C00D4E2EC /* DatabaseService.swift */; };
		0EEC6AB3235431EF00D4E2EC /* FlashScreen.swift in Sources */ = {isa = PBXBuildFile; fileRef = 0EEC6AB2235431EF00D4E2EC /* FlashScreen.swift */; };
		0EF080B3235204A7005A05E8 /* GoogleService-Info.plist in Resources */ = {isa = PBXBuildFile; fileRef = 0EF080B2235204A7005A05E8 /* GoogleService-Info.plist */; };
		0EF080F223522AD4005A05E8 /* Main.storyboard in Resources */ = {isa = PBXBuildFile; fileRef = 0EF080F123522AD4005A05E8 /* Main.storyboard */; };
		0EF080F8235230BC005A05E8 /* LoginViewController.swift in Sources */ = {isa = PBXBuildFile; fileRef = 0EF080F7235230BC005A05E8 /* LoginViewController.swift */; };
		0EF080FB23523502005A05E8 /* Extensions.swift in Sources */ = {isa = PBXBuildFile; fileRef = 0EF080FA23523502005A05E8 /* Extensions.swift */; };
		2B721F1F3167E6308A006839 /* Pods_AwesomeNotes.framework in Frameworks */ = {isa = PBXBuildFile; fileRef = E3EE7191032A09C1FFD04865 /* Pods_AwesomeNotes.framework */; };
		DBC558D28E5736DF6A9493F3 /* Pods_AwesomeNotesTests.framework in Frameworks */ = {isa = PBXBuildFile; fileRef = A42AB8AE15D358E34C1C97F0 /* Pods_AwesomeNotesTests.framework */; };
		E42C466AD1F7D5AA73B1B9BC /* Pods_AwesomeNotesUITests.framework in Frameworks */ = {isa = PBXBuildFile; fileRef = 55025254C4FE9188EF781469 /* Pods_AwesomeNotesUITests.framework */; };
/* End PBXBuildFile section */

/* Begin PBXContainerItemProxy section */
		0E3C875223513BE6006EF565 /* PBXContainerItemProxy */ = {
			isa = PBXContainerItemProxy;
			containerPortal = 0E3C873523513BE4006EF565 /* Project object */;
			proxyType = 1;
			remoteGlobalIDString = 0E3C873C23513BE4006EF565;
			remoteInfo = AwesomeNotes;
		};
		0E3C875D23513BE6006EF565 /* PBXContainerItemProxy */ = {
			isa = PBXContainerItemProxy;
			containerPortal = 0E3C873523513BE4006EF565 /* Project object */;
			proxyType = 1;
			remoteGlobalIDString = 0E3C873C23513BE4006EF565;
			remoteInfo = AwesomeNotes;
		};
/* End PBXContainerItemProxy section */

/* Begin PBXFileReference section */
		0E090E4023537D9500B7F63F /* Note.swift */ = {isa = PBXFileReference; lastKnownFileType = sourcecode.swift; path = Note.swift; sourceTree = "<group>"; };
		0E3C873D23513BE4006EF565 /* AwesomeNotes.app */ = {isa = PBXFileReference; explicitFileType = wrapper.application; includeInIndex = 0; path = AwesomeNotes.app; sourceTree = BUILT_PRODUCTS_DIR; };
		0E3C874023513BE4006EF565 /* AppDelegate.swift */ = {isa = PBXFileReference; lastKnownFileType = sourcecode.swift; path = AppDelegate.swift; sourceTree = "<group>"; };
		0E3C874523513BE5006EF565 /* Base */ = {isa = PBXFileReference; lastKnownFileType = file.storyboard; name = Base; path = Base.lproj/Notes.storyboard; sourceTree = "<group>"; };
		0E3C874723513BE6006EF565 /* Assets.xcassets */ = {isa = PBXFileReference; lastKnownFileType = folder.assetcatalog; path = Assets.xcassets; sourceTree = "<group>"; };
		0E3C874A23513BE6006EF565 /* Base */ = {isa = PBXFileReference; lastKnownFileType = file.storyboard; name = Base; path = Base.lproj/LaunchScreen.storyboard; sourceTree = "<group>"; };
		0E3C874C23513BE6006EF565 /* Info.plist */ = {isa = PBXFileReference; lastKnownFileType = text.plist.xml; path = Info.plist; sourceTree = "<group>"; };
		0E3C875123513BE6006EF565 /* AwesomeNotesTests.xctest */ = {isa = PBXFileReference; explicitFileType = wrapper.cfbundle; includeInIndex = 0; path = AwesomeNotesTests.xctest; sourceTree = BUILT_PRODUCTS_DIR; };
		0E3C875523513BE6006EF565 /* AwesomeNotesTests.swift */ = {isa = PBXFileReference; lastKnownFileType = sourcecode.swift; path = AwesomeNotesTests.swift; sourceTree = "<group>"; };
		0E3C875723513BE6006EF565 /* Info.plist */ = {isa = PBXFileReference; lastKnownFileType = text.plist.xml; path = Info.plist; sourceTree = "<group>"; };
		0E3C875C23513BE6006EF565 /* AwesomeNotesUITests.xctest */ = {isa = PBXFileReference; explicitFileType = wrapper.cfbundle; includeInIndex = 0; path = AwesomeNotesUITests.xctest; sourceTree = BUILT_PRODUCTS_DIR; };
		0E3C876023513BE6006EF565 /* AwesomeNotesUITests.swift */ = {isa = PBXFileReference; lastKnownFileType = sourcecode.swift; path = AwesomeNotesUITests.swift; sourceTree = "<group>"; };
		0E3C876223513BE6006EF565 /* Info.plist */ = {isa = PBXFileReference; lastKnownFileType = text.plist.xml; path = Info.plist; sourceTree = "<group>"; };
		0E75468F23518B1500837B00 /* LoginOrRegisterViewController.swift */ = {isa = PBXFileReference; lastKnownFileType = sourcecode.swift; path = LoginOrRegisterViewController.swift; sourceTree = "<group>"; };
		0EA6BEDF23514046008B3CB6 /* NoteListViewController.swift */ = {isa = PBXFileReference; lastKnownFileType = sourcecode.swift; path = NoteListViewController.swift; sourceTree = "<group>"; };
		0EA6BEE123514065008B3CB6 /* NoteDetailViewController.swift */ = {isa = PBXFileReference; lastKnownFileType = sourcecode.swift; path = NoteDetailViewController.swift; sourceTree = "<group>"; };
		0EA6BEE5235140A5008B3CB6 /* NoteDetailViewModel.swift */ = {isa = PBXFileReference; lastKnownFileType = sourcecode.swift; path = NoteDetailViewModel.swift; sourceTree = "<group>"; };
		0EA6BEE92351478F008B3CB6 /* FolderListViewController.swift */ = {isa = PBXFileReference; lastKnownFileType = sourcecode.swift; path = FolderListViewController.swift; sourceTree = "<group>"; };
		0EAC81932352FF8F006434B6 /* FolderTableViewCell.swift */ = {isa = PBXFileReference; lastKnownFileType = sourcecode.swift; path = FolderTableViewCell.swift; sourceTree = "<group>"; };
		0EAC819523530A4D006434B6 /* FolderViewModel.swift */ = {isa = PBXFileReference; lastKnownFileType = sourcecode.swift; path = FolderViewModel.swift; sourceTree = "<group>"; };
		0EAC819723530A5C006434B6 /* NoteViewModel.swift */ = {isa = PBXFileReference; lastKnownFileType = sourcecode.swift; path = NoteViewModel.swift; sourceTree = "<group>"; };
		0EC696DA23527F23009A44FA /* User.swift */ = {isa = PBXFileReference; lastKnownFileType = sourcecode.swift; path = User.swift; sourceTree = "<group>"; };
		0EC696DC235283E0009A44FA /* Folder.swift */ = {isa = PBXFileReference; lastKnownFileType = sourcecode.swift; path = Folder.swift; sourceTree = "<group>"; };
		0EC696DE2352A3B3009A44FA /* LoginOrRegisterViewModel.swift */ = {isa = PBXFileReference; fileEncoding = 4; lastKnownFileType = sourcecode.swift; path = LoginOrRegisterViewModel.swift; sourceTree = "<group>"; };
		0EE0B4DA2353135600E67F02 /* NoteTableViewCell.swift */ = {isa = PBXFileReference; lastKnownFileType = sourcecode.swift; path = NoteTableViewCell.swift; sourceTree = "<group>"; };
		0EE21BB32363BE4D0065A9EA /* UIViewController+Ext.swift */ = {isa = PBXFileReference; lastKnownFileType = sourcecode.swift; path = "UIViewController+Ext.swift"; sourceTree = "<group>"; };
		0EEC6AB023540A4C00D4E2EC /* DatabaseService.swift */ = {isa = PBXFileReference; lastKnownFileType = sourcecode.swift; path = DatabaseService.swift; sourceTree = "<group>"; };
		0EEC6AB2235431EF00D4E2EC /* FlashScreen.swift */ = {isa = PBXFileReference; lastKnownFileType = sourcecode.swift; path = FlashScreen.swift; sourceTree = "<group>"; };
		0EF080B2235204A7005A05E8 /* GoogleService-Info.plist */ = {isa = PBXFileReference; fileEncoding = 4; lastKnownFileType = text.plist.xml; path = "GoogleService-Info.plist"; sourceTree = "<group>"; };
		0EF080F123522AD4005A05E8 /* Main.storyboard */ = {isa = PBXFileReference; lastKnownFileType = file.storyboard; path = Main.storyboard; sourceTree = "<group>"; };
		0EF080F7235230BC005A05E8 /* LoginViewController.swift */ = {isa = PBXFileReference; lastKnownFileType = sourcecode.swift; path = LoginViewController.swift; sourceTree = "<group>"; };
		0EF080FA23523502005A05E8 /* Extensions.swift */ = {isa = PBXFileReference; lastKnownFileType = sourcecode.swift; path = Extensions.swift; sourceTree = "<group>"; };
		3A5203D7029403248A8EEC05 /* Pods-AwesomeNotes.release.xcconfig */ = {isa = PBXFileReference; includeInIndex = 1; lastKnownFileType = text.xcconfig; name = "Pods-AwesomeNotes.release.xcconfig"; path = "Target Support Files/Pods-AwesomeNotes/Pods-AwesomeNotes.release.xcconfig"; sourceTree = "<group>"; };
		55025254C4FE9188EF781469 /* Pods_AwesomeNotesUITests.framework */ = {isa = PBXFileReference; explicitFileType = wrapper.framework; includeInIndex = 0; path = Pods_AwesomeNotesUITests.framework; sourceTree = BUILT_PRODUCTS_DIR; };
		6F9B97FA7455E9C127E68ECF /* Pods-AwesomeNotesTests.release.xcconfig */ = {isa = PBXFileReference; includeInIndex = 1; lastKnownFileType = text.xcconfig; name = "Pods-AwesomeNotesTests.release.xcconfig"; path = "Target Support Files/Pods-AwesomeNotesTests/Pods-AwesomeNotesTests.release.xcconfig"; sourceTree = "<group>"; };
		85ECB9FD14F28E9CE9F39AF0 /* Pods-AwesomeNotesUITests.debug.xcconfig */ = {isa = PBXFileReference; includeInIndex = 1; lastKnownFileType = text.xcconfig; name = "Pods-AwesomeNotesUITests.debug.xcconfig"; path = "Target Support Files/Pods-AwesomeNotesUITests/Pods-AwesomeNotesUITests.debug.xcconfig"; sourceTree = "<group>"; };
		8A1B44C688116CB258EF9A66 /* Pods-AwesomeNotesUITests.release.xcconfig */ = {isa = PBXFileReference; includeInIndex = 1; lastKnownFileType = text.xcconfig; name = "Pods-AwesomeNotesUITests.release.xcconfig"; path = "Target Support Files/Pods-AwesomeNotesUITests/Pods-AwesomeNotesUITests.release.xcconfig"; sourceTree = "<group>"; };
		8DD4AA763EBBD4E9A8AF182A /* Pods-AwesomeNotesTests.debug.xcconfig */ = {isa = PBXFileReference; includeInIndex = 1; lastKnownFileType = text.xcconfig; name = "Pods-AwesomeNotesTests.debug.xcconfig"; path = "Target Support Files/Pods-AwesomeNotesTests/Pods-AwesomeNotesTests.debug.xcconfig"; sourceTree = "<group>"; };
		A0B6B92C48FCB0F1767B3C03 /* Pods-AwesomeNotes.debug.xcconfig */ = {isa = PBXFileReference; includeInIndex = 1; lastKnownFileType = text.xcconfig; name = "Pods-AwesomeNotes.debug.xcconfig"; path = "Target Support Files/Pods-AwesomeNotes/Pods-AwesomeNotes.debug.xcconfig"; sourceTree = "<group>"; };
		A42AB8AE15D358E34C1C97F0 /* Pods_AwesomeNotesTests.framework */ = {isa = PBXFileReference; explicitFileType = wrapper.framework; includeInIndex = 0; path = Pods_AwesomeNotesTests.framework; sourceTree = BUILT_PRODUCTS_DIR; };
		E3EE7191032A09C1FFD04865 /* Pods_AwesomeNotes.framework */ = {isa = PBXFileReference; explicitFileType = wrapper.framework; includeInIndex = 0; path = Pods_AwesomeNotes.framework; sourceTree = BUILT_PRODUCTS_DIR; };
/* End PBXFileReference section */

/* Begin PBXFrameworksBuildPhase section */
		0E3C873A23513BE4006EF565 /* Frameworks */ = {
			isa = PBXFrameworksBuildPhase;
			buildActionMask = 2147483647;
			files = (
				2B721F1F3167E6308A006839 /* Pods_AwesomeNotes.framework in Frameworks */,
			);
			runOnlyForDeploymentPostprocessing = 0;
		};
		0E3C874E23513BE6006EF565 /* Frameworks */ = {
			isa = PBXFrameworksBuildPhase;
			buildActionMask = 2147483647;
			files = (
				DBC558D28E5736DF6A9493F3 /* Pods_AwesomeNotesTests.framework in Frameworks */,
			);
			runOnlyForDeploymentPostprocessing = 0;
		};
		0E3C875923513BE6006EF565 /* Frameworks */ = {
			isa = PBXFrameworksBuildPhase;
			buildActionMask = 2147483647;
			files = (
				E42C466AD1F7D5AA73B1B9BC /* Pods_AwesomeNotesUITests.framework in Frameworks */,
			);
			runOnlyForDeploymentPostprocessing = 0;
		};
/* End PBXFrameworksBuildPhase section */

/* Begin PBXGroup section */
		0E1A00D7235153E4004C0B21 /* Login */ = {
			isa = PBXGroup;
			children = (
				0EF080F7235230BC005A05E8 /* LoginViewController.swift */,
				0E75468F23518B1500837B00 /* LoginOrRegisterViewController.swift */,
				0EC696DE2352A3B3009A44FA /* LoginOrRegisterViewModel.swift */,
			);
			path = Login;
			sourceTree = "<group>";
		};
		0E3C873423513BE4006EF565 = {
			isa = PBXGroup;
			children = (
				0E3C873F23513BE4006EF565 /* AwesomeNotes */,
				0E3C875423513BE6006EF565 /* AwesomeNotesTests */,
				0E3C875F23513BE6006EF565 /* AwesomeNotesUITests */,
				0E3C873E23513BE4006EF565 /* Products */,
				45C59B37149A721516A730FC /* Pods */,
				7314C3A69E1329AB5B54DC13 /* Frameworks */,
			);
			sourceTree = "<group>";
		};
		0E3C873E23513BE4006EF565 /* Products */ = {
			isa = PBXGroup;
			children = (
				0E3C873D23513BE4006EF565 /* AwesomeNotes.app */,
				0E3C875123513BE6006EF565 /* AwesomeNotesTests.xctest */,
				0E3C875C23513BE6006EF565 /* AwesomeNotesUITests.xctest */,
			);
			name = Products;
			sourceTree = "<group>";
		};
		0E3C873F23513BE4006EF565 /* AwesomeNotes */ = {
			isa = PBXGroup;
			children = (
				0E87469523544D0500E176C7 /* Application */,
				0E75468C23518A3500837B00 /* Storyboards */,
				0EA6BEE7235140A9008B3CB6 /* Model */,
				0E1A00D7235153E4004C0B21 /* Login */,
				0EA6BEE823514734008B3CB6 /* FolderList */,
				0EA6BEDD23514018008B3CB6 /* NotesList */,
				0EA6BEDE23514021008B3CB6 /* NoteDetail */,
				0EF080F9235234F1005A05E8 /* Lib */,
				0E3C874723513BE6006EF565 /* Assets.xcassets */,
				0E3C874923513BE6006EF565 /* LaunchScreen.storyboard */,
				0E3C874C23513BE6006EF565 /* Info.plist */,
				0EF080B2235204A7005A05E8 /* GoogleService-Info.plist */,
			);
			path = AwesomeNotes;
			sourceTree = "<group>";
		};
		0E3C875423513BE6006EF565 /* AwesomeNotesTests */ = {
			isa = PBXGroup;
			children = (
				0E3C875523513BE6006EF565 /* AwesomeNotesTests.swift */,
				0E3C875723513BE6006EF565 /* Info.plist */,
			);
			path = AwesomeNotesTests;
			sourceTree = "<group>";
		};
		0E3C875F23513BE6006EF565 /* AwesomeNotesUITests */ = {
			isa = PBXGroup;
			children = (
				0E3C876023513BE6006EF565 /* AwesomeNotesUITests.swift */,
				0E3C876223513BE6006EF565 /* Info.plist */,
			);
			path = AwesomeNotesUITests;
			sourceTree = "<group>";
		};
		0E75468C23518A3500837B00 /* Storyboards */ = {
			isa = PBXGroup;
			children = (
				0EF080F123522AD4005A05E8 /* Main.storyboard */,
				0E3C874423513BE5006EF565 /* Notes.storyboard */,
			);
			path = Storyboards;
			sourceTree = "<group>";
		};
		0E87469523544D0500E176C7 /* Application */ = {
			isa = PBXGroup;
			children = (
				0E3C874023513BE4006EF565 /* AppDelegate.swift */,
				0EEC6AB2235431EF00D4E2EC /* FlashScreen.swift */,
			);
			path = Application;
			sourceTree = "<group>";
		};
		0EA6BEDD23514018008B3CB6 /* NotesList */ = {
			isa = PBXGroup;
			children = (
				0EA6BEDF23514046008B3CB6 /* NoteListViewController.swift */,
				0EAC819723530A5C006434B6 /* NoteViewModel.swift */,
				0EE0B4DA2353135600E67F02 /* NoteTableViewCell.swift */,
			);
			path = NotesList;
			sourceTree = "<group>";
		};
		0EA6BEDE23514021008B3CB6 /* NoteDetail */ = {
			isa = PBXGroup;
			children = (
				0EA6BEE123514065008B3CB6 /* NoteDetailViewController.swift */,
				0EA6BEE5235140A5008B3CB6 /* NoteDetailViewModel.swift */,
			);
			path = NoteDetail;
			sourceTree = "<group>";
		};
		0EA6BEE7235140A9008B3CB6 /* Model */ = {
			isa = PBXGroup;
			children = (
				0EC696DC235283E0009A44FA /* Folder.swift */,
				0E090E4023537D9500B7F63F /* Note.swift */,
				0EC696DA23527F23009A44FA /* User.swift */,
			);
			path = Model;
			sourceTree = "<group>";
		};
		0EA6BEE823514734008B3CB6 /* FolderList */ = {
			isa = PBXGroup;
			children = (
				0EA6BEE92351478F008B3CB6 /* FolderListViewController.swift */,
				0EAC819523530A4D006434B6 /* FolderViewModel.swift */,
				0EAC81932352FF8F006434B6 /* FolderTableViewCell.swift */,
			);
			path = FolderList;
			sourceTree = "<group>";
		};
		0EF080F9235234F1005A05E8 /* Lib */ = {
			isa = PBXGroup;
			children = (
				0EEC6AB023540A4C00D4E2EC /* DatabaseService.swift */,
				0EE21BB32363BE4D0065A9EA /* UIViewController+Ext.swift */,
				0EF080FA23523502005A05E8 /* Extensions.swift */,
			);
			path = Lib;
			sourceTree = "<group>";
		};
		45C59B37149A721516A730FC /* Pods */ = {
			isa = PBXGroup;
			children = (
				A0B6B92C48FCB0F1767B3C03 /* Pods-AwesomeNotes.debug.xcconfig */,
				3A5203D7029403248A8EEC05 /* Pods-AwesomeNotes.release.xcconfig */,
				8DD4AA763EBBD4E9A8AF182A /* Pods-AwesomeNotesTests.debug.xcconfig */,
				6F9B97FA7455E9C127E68ECF /* Pods-AwesomeNotesTests.release.xcconfig */,
				85ECB9FD14F28E9CE9F39AF0 /* Pods-AwesomeNotesUITests.debug.xcconfig */,
				8A1B44C688116CB258EF9A66 /* Pods-AwesomeNotesUITests.release.xcconfig */,
			);
			path = Pods;
			sourceTree = "<group>";
		};
		7314C3A69E1329AB5B54DC13 /* Frameworks */ = {
			isa = PBXGroup;
			children = (
				E3EE7191032A09C1FFD04865 /* Pods_AwesomeNotes.framework */,
				A42AB8AE15D358E34C1C97F0 /* Pods_AwesomeNotesTests.framework */,
				55025254C4FE9188EF781469 /* Pods_AwesomeNotesUITests.framework */,
			);
			name = Frameworks;
			sourceTree = "<group>";
		};
/* End PBXGroup section */

/* Begin PBXNativeTarget section */
		0E3C873C23513BE4006EF565 /* AwesomeNotes */ = {
			isa = PBXNativeTarget;
			buildConfigurationList = 0E3C876523513BE6006EF565 /* Build configuration list for PBXNativeTarget "AwesomeNotes" */;
			buildPhases = (
				2604830BD38AED89ACE58973 /* [CP] Check Pods Manifest.lock */,
				0E3C873923513BE4006EF565 /* Sources */,
				0E3C873A23513BE4006EF565 /* Frameworks */,
				0E3C873B23513BE4006EF565 /* Resources */,
				993F871C289D236876BB6C67 /* [CP] Embed Pods Frameworks */,
				0EE21BB52363C71A0065A9EA /* ShellScript */,
			);
			buildRules = (
			);
			dependencies = (
			);
			name = AwesomeNotes;
			productName = AwesomeNotes;
			productReference = 0E3C873D23513BE4006EF565 /* AwesomeNotes.app */;
			productType = "com.apple.product-type.application";
		};
		0E3C875023513BE6006EF565 /* AwesomeNotesTests */ = {
			isa = PBXNativeTarget;
			buildConfigurationList = 0E3C876823513BE6006EF565 /* Build configuration list for PBXNativeTarget "AwesomeNotesTests" */;
			buildPhases = (
				0848F78E25861A6AFE6BFD10 /* [CP] Check Pods Manifest.lock */,
				0E3C874D23513BE6006EF565 /* Sources */,
				0E3C874E23513BE6006EF565 /* Frameworks */,
				0E3C874F23513BE6006EF565 /* Resources */,
			);
			buildRules = (
			);
			dependencies = (
				0E3C875323513BE6006EF565 /* PBXTargetDependency */,
			);
			name = AwesomeNotesTests;
			productName = AwesomeNotesTests;
			productReference = 0E3C875123513BE6006EF565 /* AwesomeNotesTests.xctest */;
			productType = "com.apple.product-type.bundle.unit-test";
		};
		0E3C875B23513BE6006EF565 /* AwesomeNotesUITests */ = {
			isa = PBXNativeTarget;
			buildConfigurationList = 0E3C876B23513BE6006EF565 /* Build configuration list for PBXNativeTarget "AwesomeNotesUITests" */;
			buildPhases = (
				7459D51AFBC5BC2DA70627D2 /* [CP] Check Pods Manifest.lock */,
				0E3C875823513BE6006EF565 /* Sources */,
				0E3C875923513BE6006EF565 /* Frameworks */,
				0E3C875A23513BE6006EF565 /* Resources */,
			);
			buildRules = (
			);
			dependencies = (
				0E3C875E23513BE6006EF565 /* PBXTargetDependency */,
			);
			name = AwesomeNotesUITests;
			productName = AwesomeNotesUITests;
			productReference = 0E3C875C23513BE6006EF565 /* AwesomeNotesUITests.xctest */;
			productType = "com.apple.product-type.bundle.ui-testing";
		};
/* End PBXNativeTarget section */

/* Begin PBXProject section */
		0E3C873523513BE4006EF565 /* Project object */ = {
			isa = PBXProject;
			attributes = {
				LastSwiftUpdateCheck = 1020;
				LastUpgradeCheck = 1020;
				ORGANIZATIONNAME = "Mike Saradeth";
				TargetAttributes = {
					0E3C873C23513BE4006EF565 = {
						CreatedOnToolsVersion = 10.2.1;
					};
					0E3C875023513BE6006EF565 = {
						CreatedOnToolsVersion = 10.2.1;
						TestTargetID = 0E3C873C23513BE4006EF565;
					};
					0E3C875B23513BE6006EF565 = {
						CreatedOnToolsVersion = 10.2.1;
						TestTargetID = 0E3C873C23513BE4006EF565;
					};
				};
			};
			buildConfigurationList = 0E3C873823513BE4006EF565 /* Build configuration list for PBXProject "AwesomeNotes" */;
			compatibilityVersion = "Xcode 9.3";
			developmentRegion = en;
			hasScannedForEncodings = 0;
			knownRegions = (
				en,
				Base,
			);
			mainGroup = 0E3C873423513BE4006EF565;
			productRefGroup = 0E3C873E23513BE4006EF565 /* Products */;
			projectDirPath = "";
			projectRoot = "";
			targets = (
				0E3C873C23513BE4006EF565 /* AwesomeNotes */,
				0E3C875023513BE6006EF565 /* AwesomeNotesTests */,
				0E3C875B23513BE6006EF565 /* AwesomeNotesUITests */,
			);
		};
/* End PBXProject section */

/* Begin PBXResourcesBuildPhase section */
		0E3C873B23513BE4006EF565 /* Resources */ = {
			isa = PBXResourcesBuildPhase;
			buildActionMask = 2147483647;
			files = (
				0E3C874B23513BE6006EF565 /* LaunchScreen.storyboard in Resources */,
				0EF080B3235204A7005A05E8 /* GoogleService-Info.plist in Resources */,
				0E3C874823513BE6006EF565 /* Assets.xcassets in Resources */,
				0EF080F223522AD4005A05E8 /* Main.storyboard in Resources */,
				0E3C874623513BE5006EF565 /* Notes.storyboard in Resources */,
			);
			runOnlyForDeploymentPostprocessing = 0;
		};
		0E3C874F23513BE6006EF565 /* Resources */ = {
			isa = PBXResourcesBuildPhase;
			buildActionMask = 2147483647;
			files = (
			);
			runOnlyForDeploymentPostprocessing = 0;
		};
		0E3C875A23513BE6006EF565 /* Resources */ = {
			isa = PBXResourcesBuildPhase;
			buildActionMask = 2147483647;
			files = (
			);
			runOnlyForDeploymentPostprocessing = 0;
		};
/* End PBXResourcesBuildPhase section */

/* Begin PBXShellScriptBuildPhase section */
		0848F78E25861A6AFE6BFD10 /* [CP] Check Pods Manifest.lock */ = {
			isa = PBXShellScriptBuildPhase;
			buildActionMask = 2147483647;
			files = (
			);
			inputFileListPaths = (
			);
			inputPaths = (
				"${PODS_PODFILE_DIR_PATH}/Podfile.lock",
				"${PODS_ROOT}/Manifest.lock",
			);
			name = "[CP] Check Pods Manifest.lock";
			outputFileListPaths = (
			);
			outputPaths = (
				"$(DERIVED_FILE_DIR)/Pods-AwesomeNotesTests-checkManifestLockResult.txt",
			);
			runOnlyForDeploymentPostprocessing = 0;
			shellPath = /bin/sh;
			shellScript = "diff \"${PODS_PODFILE_DIR_PATH}/Podfile.lock\" \"${PODS_ROOT}/Manifest.lock\" > /dev/null\nif [ $? != 0 ] ; then\n    # print error to STDERR\n    echo \"error: The sandbox is not in sync with the Podfile.lock. Run 'pod install' or update your CocoaPods installation.\" >&2\n    exit 1\nfi\n# This output is used by Xcode 'outputs' to avoid re-running this script phase.\necho \"SUCCESS\" > \"${SCRIPT_OUTPUT_FILE_0}\"\n";
			showEnvVarsInLog = 0;
		};
		0EE21BB52363C71A0065A9EA /* ShellScript */ = {
			isa = PBXShellScriptBuildPhase;
			buildActionMask = 2147483647;
			files = (
			);
			inputFileListPaths = (
			);
			inputPaths = (
				"$(SRCROOT)/$(BUILT_PRODUCTS_DIR)/$(INFOPLIST_PATH)",
			);
			outputFileListPaths = (
			);
			outputPaths = (
			);
			runOnlyForDeploymentPostprocessing = 0;
			shellPath = /bin/sh;
			shellScript = "\"${PODS_ROOT}/Fabric/run\"\n";
		};
		2604830BD38AED89ACE58973 /* [CP] Check Pods Manifest.lock */ = {
			isa = PBXShellScriptBuildPhase;
			buildActionMask = 2147483647;
			files = (
			);
			inputFileListPaths = (
			);
			inputPaths = (
				"${PODS_PODFILE_DIR_PATH}/Podfile.lock",
				"${PODS_ROOT}/Manifest.lock",
			);
			name = "[CP] Check Pods Manifest.lock";
			outputFileListPaths = (
			);
			outputPaths = (
				"$(DERIVED_FILE_DIR)/Pods-AwesomeNotes-checkManifestLockResult.txt",
			);
			runOnlyForDeploymentPostprocessing = 0;
			shellPath = /bin/sh;
			shellScript = "diff \"${PODS_PODFILE_DIR_PATH}/Podfile.lock\" \"${PODS_ROOT}/Manifest.lock\" > /dev/null\nif [ $? != 0 ] ; then\n    # print error to STDERR\n    echo \"error: The sandbox is not in sync with the Podfile.lock. Run 'pod install' or update your CocoaPods installation.\" >&2\n    exit 1\nfi\n# This output is used by Xcode 'outputs' to avoid re-running this script phase.\necho \"SUCCESS\" > \"${SCRIPT_OUTPUT_FILE_0}\"\n";
			showEnvVarsInLog = 0;
		};
		7459D51AFBC5BC2DA70627D2 /* [CP] Check Pods Manifest.lock */ = {
			isa = PBXShellScriptBuildPhase;
			buildActionMask = 2147483647;
			files = (
			);
			inputFileListPaths = (
			);
			inputPaths = (
				"${PODS_PODFILE_DIR_PATH}/Podfile.lock",
				"${PODS_ROOT}/Manifest.lock",
			);
			name = "[CP] Check Pods Manifest.lock";
			outputFileListPaths = (
			);
			outputPaths = (
				"$(DERIVED_FILE_DIR)/Pods-AwesomeNotesUITests-checkManifestLockResult.txt",
			);
			runOnlyForDeploymentPostprocessing = 0;
			shellPath = /bin/sh;
			shellScript = "diff \"${PODS_PODFILE_DIR_PATH}/Podfile.lock\" \"${PODS_ROOT}/Manifest.lock\" > /dev/null\nif [ $? != 0 ] ; then\n    # print error to STDERR\n    echo \"error: The sandbox is not in sync with the Podfile.lock. Run 'pod install' or update your CocoaPods installation.\" >&2\n    exit 1\nfi\n# This output is used by Xcode 'outputs' to avoid re-running this script phase.\necho \"SUCCESS\" > \"${SCRIPT_OUTPUT_FILE_0}\"\n";
			showEnvVarsInLog = 0;
		};
		993F871C289D236876BB6C67 /* [CP] Embed Pods Frameworks */ = {
			isa = PBXShellScriptBuildPhase;
			buildActionMask = 2147483647;
			files = (
			);
			inputFileListPaths = (
				"${PODS_ROOT}/Target Support Files/Pods-AwesomeNotes/Pods-AwesomeNotes-frameworks-${CONFIGURATION}-input-files.xcfilelist",
			);
			name = "[CP] Embed Pods Frameworks";
			outputFileListPaths = (
				"${PODS_ROOT}/Target Support Files/Pods-AwesomeNotes/Pods-AwesomeNotes-frameworks-${CONFIGURATION}-output-files.xcfilelist",
			);
			runOnlyForDeploymentPostprocessing = 0;
			shellPath = /bin/sh;
			shellScript = "\"${PODS_ROOT}/Target Support Files/Pods-AwesomeNotes/Pods-AwesomeNotes-frameworks.sh\"\n";
			showEnvVarsInLog = 0;
		};
/* End PBXShellScriptBuildPhase section */

/* Begin PBXSourcesBuildPhase section */
		0E3C873923513BE4006EF565 /* Sources */ = {
			isa = PBXSourcesBuildPhase;
			buildActionMask = 2147483647;
			files = (
				0EEC6AB123540A4C00D4E2EC /* DatabaseService.swift in Sources */,
				0E75469023518B1500837B00 /* LoginOrRegisterViewController.swift in Sources */,
				0EE21BB42363BE4D0065A9EA /* UIViewController+Ext.swift in Sources */,
				0EA6BEEA2351478F008B3CB6 /* FolderListViewController.swift in Sources */,
				0EA6BEE223514065008B3CB6 /* NoteDetailViewController.swift in Sources */,
				0E3C874123513BE4006EF565 /* AppDelegate.swift in Sources */,
				0EC696DF2352A3B3009A44FA /* LoginOrRegisterViewModel.swift in Sources */,
				0EAC819823530A5C006434B6 /* NoteViewModel.swift in Sources */,
				0EF080FB23523502005A05E8 /* Extensions.swift in Sources */,
				0EAC81942352FF8F006434B6 /* FolderTableViewCell.swift in Sources */,
				0EF080F8235230BC005A05E8 /* LoginViewController.swift in Sources */,
				0EA6BEE023514046008B3CB6 /* NoteListViewController.swift in Sources */,
				0EE0B4DB2353135600E67F02 /* NoteTableViewCell.swift in Sources */,
				0EEC6AB3235431EF00D4E2EC /* FlashScreen.swift in Sources */,
				0E090E4123537D9500B7F63F /* Note.swift in Sources */,
				0EA6BEE6235140A5008B3CB6 /* NoteDetailViewModel.swift in Sources */,
				0EC696DB23527F23009A44FA /* User.swift in Sources */,
				0EAC819623530A4D006434B6 /* FolderViewModel.swift in Sources */,
				0EC696DD235283E0009A44FA /* Folder.swift in Sources */,
			);
			runOnlyForDeploymentPostprocessing = 0;
		};
		0E3C874D23513BE6006EF565 /* Sources */ = {
			isa = PBXSourcesBuildPhase;
			buildActionMask = 2147483647;
			files = (
				0E3C875623513BE6006EF565 /* AwesomeNotesTests.swift in Sources */,
			);
			runOnlyForDeploymentPostprocessing = 0;
		};
		0E3C875823513BE6006EF565 /* Sources */ = {
			isa = PBXSourcesBuildPhase;
			buildActionMask = 2147483647;
			files = (
				0E3C876123513BE6006EF565 /* AwesomeNotesUITests.swift in Sources */,
			);
			runOnlyForDeploymentPostprocessing = 0;
		};
/* End PBXSourcesBuildPhase section */

/* Begin PBXTargetDependency section */
		0E3C875323513BE6006EF565 /* PBXTargetDependency */ = {
			isa = PBXTargetDependency;
			target = 0E3C873C23513BE4006EF565 /* AwesomeNotes */;
			targetProxy = 0E3C875223513BE6006EF565 /* PBXContainerItemProxy */;
		};
		0E3C875E23513BE6006EF565 /* PBXTargetDependency */ = {
			isa = PBXTargetDependency;
			target = 0E3C873C23513BE4006EF565 /* AwesomeNotes */;
			targetProxy = 0E3C875D23513BE6006EF565 /* PBXContainerItemProxy */;
		};
/* End PBXTargetDependency section */

/* Begin PBXVariantGroup section */
		0E3C874423513BE5006EF565 /* Notes.storyboard */ = {
			isa = PBXVariantGroup;
			children = (
				0E3C874523513BE5006EF565 /* Base */,
			);
			name = Notes.storyboard;
			sourceTree = "<group>";
		};
		0E3C874923513BE6006EF565 /* LaunchScreen.storyboard */ = {
			isa = PBXVariantGroup;
			children = (
				0E3C874A23513BE6006EF565 /* Base */,
			);
			name = LaunchScreen.storyboard;
			sourceTree = "<group>";
		};
/* End PBXVariantGroup section */

/* Begin XCBuildConfiguration section */
		0E3C876323513BE6006EF565 /* Debug */ = {
			isa = XCBuildConfiguration;
			buildSettings = {
				ALWAYS_SEARCH_USER_PATHS = NO;
				CLANG_ANALYZER_NONNULL = YES;
				CLANG_ANALYZER_NUMBER_OBJECT_CONVERSION = YES_AGGRESSIVE;
				CLANG_CXX_LANGUAGE_STANDARD = "gnu++14";
				CLANG_CXX_LIBRARY = "libc++";
				CLANG_ENABLE_MODULES = YES;
				CLANG_ENABLE_OBJC_ARC = YES;
				CLANG_ENABLE_OBJC_WEAK = YES;
				CLANG_WARN_BLOCK_CAPTURE_AUTORELEASING = YES;
				CLANG_WARN_BOOL_CONVERSION = YES;
				CLANG_WARN_COMMA = YES;
				CLANG_WARN_CONSTANT_CONVERSION = YES;
				CLANG_WARN_DEPRECATED_OBJC_IMPLEMENTATIONS = YES;
				CLANG_WARN_DIRECT_OBJC_ISA_USAGE = YES_ERROR;
				CLANG_WARN_DOCUMENTATION_COMMENTS = YES;
				CLANG_WARN_EMPTY_BODY = YES;
				CLANG_WARN_ENUM_CONVERSION = YES;
				CLANG_WARN_INFINITE_RECURSION = YES;
				CLANG_WARN_INT_CONVERSION = YES;
				CLANG_WARN_NON_LITERAL_NULL_CONVERSION = YES;
				CLANG_WARN_OBJC_IMPLICIT_RETAIN_SELF = YES;
				CLANG_WARN_OBJC_LITERAL_CONVERSION = YES;
				CLANG_WARN_OBJC_ROOT_CLASS = YES_ERROR;
				CLANG_WARN_RANGE_LOOP_ANALYSIS = YES;
				CLANG_WARN_STRICT_PROTOTYPES = YES;
				CLANG_WARN_SUSPICIOUS_MOVE = YES;
				CLANG_WARN_UNGUARDED_AVAILABILITY = YES_AGGRESSIVE;
				CLANG_WARN_UNREACHABLE_CODE = YES;
				CLANG_WARN__DUPLICATE_METHOD_MATCH = YES;
				CODE_SIGN_IDENTITY = "iPhone Developer";
				COPY_PHASE_STRIP = NO;
				DEBUG_INFORMATION_FORMAT = dwarf;
				ENABLE_STRICT_OBJC_MSGSEND = YES;
				ENABLE_TESTABILITY = YES;
				GCC_C_LANGUAGE_STANDARD = gnu11;
				GCC_DYNAMIC_NO_PIC = NO;
				GCC_NO_COMMON_BLOCKS = YES;
				GCC_OPTIMIZATION_LEVEL = 0;
				GCC_PREPROCESSOR_DEFINITIONS = (
					"DEBUG=1",
					"$(inherited)",
				);
				GCC_WARN_64_TO_32_BIT_CONVERSION = YES;
				GCC_WARN_ABOUT_RETURN_TYPE = YES_ERROR;
				GCC_WARN_UNDECLARED_SELECTOR = YES;
				GCC_WARN_UNINITIALIZED_AUTOS = YES_AGGRESSIVE;
				GCC_WARN_UNUSED_FUNCTION = YES;
				GCC_WARN_UNUSED_VARIABLE = YES;
				IPHONEOS_DEPLOYMENT_TARGET = 12.2;
				MTL_ENABLE_DEBUG_INFO = INCLUDE_SOURCE;
				MTL_FAST_MATH = YES;
				ONLY_ACTIVE_ARCH = YES;
				SDKROOT = iphoneos;
				SWIFT_ACTIVE_COMPILATION_CONDITIONS = DEBUG;
				SWIFT_OPTIMIZATION_LEVEL = "-Onone";
			};
			name = Debug;
		};
		0E3C876423513BE6006EF565 /* Release */ = {
			isa = XCBuildConfiguration;
			buildSettings = {
				ALWAYS_SEARCH_USER_PATHS = NO;
				CLANG_ANALYZER_NONNULL = YES;
				CLANG_ANALYZER_NUMBER_OBJECT_CONVERSION = YES_AGGRESSIVE;
				CLANG_CXX_LANGUAGE_STANDARD = "gnu++14";
				CLANG_CXX_LIBRARY = "libc++";
				CLANG_ENABLE_MODULES = YES;
				CLANG_ENABLE_OBJC_ARC = YES;
				CLANG_ENABLE_OBJC_WEAK = YES;
				CLANG_WARN_BLOCK_CAPTURE_AUTORELEASING = YES;
				CLANG_WARN_BOOL_CONVERSION = YES;
				CLANG_WARN_COMMA = YES;
				CLANG_WARN_CONSTANT_CONVERSION = YES;
				CLANG_WARN_DEPRECATED_OBJC_IMPLEMENTATIONS = YES;
				CLANG_WARN_DIRECT_OBJC_ISA_USAGE = YES_ERROR;
				CLANG_WARN_DOCUMENTATION_COMMENTS = YES;
				CLANG_WARN_EMPTY_BODY = YES;
				CLANG_WARN_ENUM_CONVERSION = YES;
				CLANG_WARN_INFINITE_RECURSION = YES;
				CLANG_WARN_INT_CONVERSION = YES;
				CLANG_WARN_NON_LITERAL_NULL_CONVERSION = YES;
				CLANG_WARN_OBJC_IMPLICIT_RETAIN_SELF = YES;
				CLANG_WARN_OBJC_LITERAL_CONVERSION = YES;
				CLANG_WARN_OBJC_ROOT_CLASS = YES_ERROR;
				CLANG_WARN_RANGE_LOOP_ANALYSIS = YES;
				CLANG_WARN_STRICT_PROTOTYPES = YES;
				CLANG_WARN_SUSPICIOUS_MOVE = YES;
				CLANG_WARN_UNGUARDED_AVAILABILITY = YES_AGGRESSIVE;
				CLANG_WARN_UNREACHABLE_CODE = YES;
				CLANG_WARN__DUPLICATE_METHOD_MATCH = YES;
				CODE_SIGN_IDENTITY = "iPhone Developer";
				COPY_PHASE_STRIP = NO;
				DEBUG_INFORMATION_FORMAT = "dwarf-with-dsym";
				ENABLE_NS_ASSERTIONS = NO;
				ENABLE_STRICT_OBJC_MSGSEND = YES;
				GCC_C_LANGUAGE_STANDARD = gnu11;
				GCC_NO_COMMON_BLOCKS = YES;
				GCC_WARN_64_TO_32_BIT_CONVERSION = YES;
				GCC_WARN_ABOUT_RETURN_TYPE = YES_ERROR;
				GCC_WARN_UNDECLARED_SELECTOR = YES;
				GCC_WARN_UNINITIALIZED_AUTOS = YES_AGGRESSIVE;
				GCC_WARN_UNUSED_FUNCTION = YES;
				GCC_WARN_UNUSED_VARIABLE = YES;
				IPHONEOS_DEPLOYMENT_TARGET = 12.2;
				MTL_ENABLE_DEBUG_INFO = NO;
				MTL_FAST_MATH = YES;
				SDKROOT = iphoneos;
				SWIFT_COMPILATION_MODE = wholemodule;
				SWIFT_OPTIMIZATION_LEVEL = "-O";
				VALIDATE_PRODUCT = YES;
			};
			name = Release;
		};
		0E3C876623513BE6006EF565 /* Debug */ = {
			isa = XCBuildConfiguration;
			baseConfigurationReference = A0B6B92C48FCB0F1767B3C03 /* Pods-AwesomeNotes.debug.xcconfig */;
			buildSettings = {
				ASSETCATALOG_COMPILER_APPICON_NAME = AppIcon;
				CODE_SIGN_STYLE = Automatic;
				DEBUG_INFORMATION_FORMAT = "dwarf-with-dsym";
				DEVELOPMENT_TEAM = QAJNW7456U;
				INFOPLIST_FILE = AwesomeNotes/Info.plist;
				IPHONEOS_DEPLOYMENT_TARGET = 12.0;
				LD_RUNPATH_SEARCH_PATHS = (
					"$(inherited)",
					"@executable_path/Frameworks",
				);
				PRODUCT_BUNDLE_IDENTIFIER = "Mike-Saradeth.AwesomeNotes";
				PRODUCT_NAME = "$(TARGET_NAME)";
				SWIFT_VERSION = 5.0;
				TARGETED_DEVICE_FAMILY = "1,2";
			};
			name = Debug;
		};
		0E3C876723513BE6006EF565 /* Release */ = {
			isa = XCBuildConfiguration;
			baseConfigurationReference = 3A5203D7029403248A8EEC05 /* Pods-AwesomeNotes.release.xcconfig */;
			buildSettings = {
				ASSETCATALOG_COMPILER_APPICON_NAME = AppIcon;
				CODE_SIGN_STYLE = Automatic;
				DEVELOPMENT_TEAM = QAJNW7456U;
				INFOPLIST_FILE = AwesomeNotes/Info.plist;
				IPHONEOS_DEPLOYMENT_TARGET = 12.0;
				LD_RUNPATH_SEARCH_PATHS = (
					"$(inherited)",
					"@executable_path/Frameworks",
				);
				PRODUCT_BUNDLE_IDENTIFIER = "Mike-Saradeth.AwesomeNotes";
				PRODUCT_NAME = "$(TARGET_NAME)";
				SWIFT_VERSION = 5.0;
				TARGETED_DEVICE_FAMILY = "1,2";
			};
			name = Release;
		};
		0E3C876923513BE6006EF565 /* Debug */ = {
			isa = XCBuildConfiguration;
			baseConfigurationReference = 8DD4AA763EBBD4E9A8AF182A /* Pods-AwesomeNotesTests.debug.xcconfig */;
			buildSettings = {
				ALWAYS_EMBED_SWIFT_STANDARD_LIBRARIES = YES;
				BUNDLE_LOADER = "$(TEST_HOST)";
				CODE_SIGN_STYLE = Automatic;
				DEVELOPMENT_TEAM = QAJNW7456U;
				INFOPLIST_FILE = AwesomeNotesTests/Info.plist;
				LD_RUNPATH_SEARCH_PATHS = (
					"$(inherited)",
					"@executable_path/Frameworks",
					"@loader_path/Frameworks",
				);
				PRODUCT_BUNDLE_IDENTIFIER = "Mike-Saradeth.AwesomeNotesTests";
				PRODUCT_NAME = "$(TARGET_NAME)";
				SWIFT_VERSION = 5.0;
				TARGETED_DEVICE_FAMILY = "1,2";
				TEST_HOST = "$(BUILT_PRODUCTS_DIR)/AwesomeNotes.app/AwesomeNotes";
			};
			name = Debug;
		};
		0E3C876A23513BE6006EF565 /* Release */ = {
			isa = XCBuildConfiguration;
			baseConfigurationReference = 6F9B97FA7455E9C127E68ECF /* Pods-AwesomeNotesTests.release.xcconfig */;
			buildSettings = {
				ALWAYS_EMBED_SWIFT_STANDARD_LIBRARIES = YES;
				BUNDLE_LOADER = "$(TEST_HOST)";
				CODE_SIGN_STYLE = Automatic;
				DEVELOPMENT_TEAM = QAJNW7456U;
				INFOPLIST_FILE = AwesomeNotesTests/Info.plist;
				LD_RUNPATH_SEARCH_PATHS = (
					"$(inherited)",
					"@executable_path/Frameworks",
					"@loader_path/Frameworks",
				);
				PRODUCT_BUNDLE_IDENTIFIER = "Mike-Saradeth.AwesomeNotesTests";
				PRODUCT_NAME = "$(TARGET_NAME)";
				SWIFT_VERSION = 5.0;
				TARGETED_DEVICE_FAMILY = "1,2";
				TEST_HOST = "$(BUILT_PRODUCTS_DIR)/AwesomeNotes.app/AwesomeNotes";
			};
			name = Release;
		};
		0E3C876C23513BE6006EF565 /* Debug */ = {
			isa = XCBuildConfiguration;
			baseConfigurationReference = 85ECB9FD14F28E9CE9F39AF0 /* Pods-AwesomeNotesUITests.debug.xcconfig */;
			buildSettings = {
				ALWAYS_EMBED_SWIFT_STANDARD_LIBRARIES = YES;
				CODE_SIGN_STYLE = Automatic;
				DEVELOPMENT_TEAM = QAJNW7456U;
				INFOPLIST_FILE = AwesomeNotesUITests/Info.plist;
				LD_RUNPATH_SEARCH_PATHS = (
					"$(inherited)",
					"@executable_path/Frameworks",
					"@loader_path/Frameworks",
				);
				PRODUCT_BUNDLE_IDENTIFIER = "Mike-Saradeth.AwesomeNotesUITests";
				PRODUCT_NAME = "$(TARGET_NAME)";
				SWIFT_VERSION = 5.0;
				TARGETED_DEVICE_FAMILY = "1,2";
				TEST_TARGET_NAME = AwesomeNotes;
			};
			name = Debug;
		};
		0E3C876D23513BE6006EF565 /* Release */ = {
			isa = XCBuildConfiguration;
			baseConfigurationReference = 8A1B44C688116CB258EF9A66 /* Pods-AwesomeNotesUITests.release.xcconfig */;
			buildSettings = {
				ALWAYS_EMBED_SWIFT_STANDARD_LIBRARIES = YES;
				CODE_SIGN_STYLE = Automatic;
				DEVELOPMENT_TEAM = QAJNW7456U;
				INFOPLIST_FILE = AwesomeNotesUITests/Info.plist;
				LD_RUNPATH_SEARCH_PATHS = (
					"$(inherited)",
					"@executable_path/Frameworks",
					"@loader_path/Frameworks",
				);
				PRODUCT_BUNDLE_IDENTIFIER = "Mike-Saradeth.AwesomeNotesUITests";
				PRODUCT_NAME = "$(TARGET_NAME)";
				SWIFT_VERSION = 5.0;
				TARGETED_DEVICE_FAMILY = "1,2";
				TEST_TARGET_NAME = AwesomeNotes;
			};
			name = Release;
		};
/* End XCBuildConfiguration section */

/* Begin XCConfigurationList section */
		0E3C873823513BE4006EF565 /* Build configuration list for PBXProject "AwesomeNotes" */ = {
			isa = XCConfigurationList;
			buildConfigurations = (
				0E3C876323513BE6006EF565 /* Debug */,
				0E3C876423513BE6006EF565 /* Release */,
			);
			defaultConfigurationIsVisible = 0;
			defaultConfigurationName = Release;
		};
		0E3C876523513BE6006EF565 /* Build configuration list for PBXNativeTarget "AwesomeNotes" */ = {
			isa = XCConfigurationList;
			buildConfigurations = (
				0E3C876623513BE6006EF565 /* Debug */,
				0E3C876723513BE6006EF565 /* Release */,
			);
			defaultConfigurationIsVisible = 0;
			defaultConfigurationName = Release;
		};
		0E3C876823513BE6006EF565 /* Build configuration list for PBXNativeTarget "AwesomeNotesTests" */ = {
			isa = XCConfigurationList;
			buildConfigurations = (
				0E3C876923513BE6006EF565 /* Debug */,
				0E3C876A23513BE6006EF565 /* Release */,
			);
			defaultConfigurationIsVisible = 0;
			defaultConfigurationName = Release;
		};
		0E3C876B23513BE6006EF565 /* Build configuration list for PBXNativeTarget "AwesomeNotesUITests" */ = {
			isa = XCConfigurationList;
			buildConfigurations = (
				0E3C876C23513BE6006EF565 /* Debug */,
				0E3C876D23513BE6006EF565 /* Release */,
			);
			defaultConfigurationIsVisible = 0;
			defaultConfigurationName = Release;
		};
/* End XCConfigurationList section */
	};
	rootObject = 0E3C873523513BE4006EF565 /* Project object */;
}
